
Microsoft Visual Studio Solution File, Format Version 12.00
# Visual Studio Version 17
VisualStudioVersion = 17.12.35521.163
MinimumVisualStudioVersion = 10.0.40219.1
Project("{FAE04EC0-301F-11D3-BF4B-00C04F79EFBC}") = "CarWorkshop.Presentation", "CarWorkshop.Presentation\CarWorkshop.Presentation.csproj", "{19967EBF-CFD6-409D-B0F5-BA421AC65713}"
EndProject
Project("{FAE04EC0-301F-11D3-BF4B-00C04F79EFBC}") = "CarWorkshop.Domain", "CarWorkshop.Domain\CarWorkshop.Domain.csproj", "{22A4A228-9D91-4DA8-BD96-F9E14FC26149}"
EndProject
Project("{FAE04EC0-301F-11D3-BF4B-00C04F79EFBC}") = "CarWorkshop.Application", "CarWorkshop.Application\CarWorkshop.Application.csproj", "{AF61F834-7B97-487A-9DDA-CE459EAB9683}"
EndProject
Project("{FAE04EC0-301F-11D3-BF4B-00C04F79EFBC}") = "CarWorkshop.Infrastructure", "CarWorkShop.Infrastructure\CarWorkshop.Infrastructure.csproj", "{3F586E44-8626-4243-B79C-742336C3FDB7}"
EndProject
Project("{FAE04EC0-301F-11D3-BF4B-00C04F79EFBC}") = "CarWorkshop.Domain.Tests", "CarWorkshop.Domain.Tests\CarWorkshop.Domain.Tests.csproj", "{C8875ED5-0060-4EA5-88B6-4701145A0A1B}"
EndProject
Project("{FAE04EC0-301F-11D3-BF4B-00C04F79EFBC}") = "CarWorkshop.Application.Tests", "CarWorkshop.Application.Tests\CarWorkshop.Application.Tests.csproj", "{EA3CD17F-0CB8-460A-A41D-CB780FB1EC79}"
EndProject
Project("{2150E333-8FDC-42A3-9474-1A3956D46DE8}") = "tests", "tests", "{6B197B9C-F2B9-4CA6-8E4E-85919F6DAC0E}"
EndProject
Global
	GlobalSection(SolutionConfigurationPlatforms) = preSolution
		Debug|Any CPU = Debug|Any CPU
		Release|Any CPU = Release|Any CPU
	EndGlobalSection
	GlobalSection(ProjectConfigurationPlatforms) = postSolution
		{19967EBF-CFD6-409D-B0F5-BA421AC65713}.Debug|Any CPU.ActiveCfg = Debug|Any CPU
		{19967EBF-CFD6-409D-B0F5-BA421AC65713}.Debug|Any CPU.Build.0 = Debug|Any CPU
		{19967EBF-CFD6-409D-B0F5-BA421AC65713}.Release|Any CPU.ActiveCfg = Release|Any CPU
		{19967EBF-CFD6-409D-B0F5-BA421AC65713}.Release|Any CPU.Build.0 = Release|Any CPU
		{22A4A228-9D91-4DA8-BD96-F9E14FC26149}.Debug|Any CPU.ActiveCfg = Debug|Any CPU
		{22A4A228-9D91-4DA8-BD96-F9E14FC26149}.Debug|Any CPU.Build.0 = Debug|Any CPU
		{22A4A228-9D91-4DA8-BD96-F9E14FC26149}.Release|Any CPU.ActiveCfg = Release|Any CPU
		{22A4A228-9D91-4DA8-BD96-F9E14FC26149}.Release|Any CPU.Build.0 = Release|Any CPU
		{AF61F834-7B97-487A-9DDA-CE459EAB9683}.Debug|Any CPU.ActiveCfg = Debug|Any CPU
		{AF61F834-7B97-487A-9DDA-CE459EAB9683}.Debug|Any CPU.Build.0 = Debug|Any CPU
		{AF61F834-7B97-487A-9DDA-CE459EAB9683}.Release|Any CPU.ActiveCfg = Release|Any CPU
		{AF61F834-7B97-487A-9DDA-CE459EAB9683}.Release|Any CPU.Build.0 = Release|Any CPU
		{3F586E44-8626-4243-B79C-742336C3FDB7}.Debug|Any CPU.ActiveCfg = Debug|Any CPU
		{3F586E44-8626-4243-B79C-742336C3FDB7}.Debug|Any CPU.Build.0 = Debug|Any CPU
		{3F586E44-8626-4243-B79C-742336C3FDB7}.Release|Any CPU.ActiveCfg = Release|Any CPU
		{3F586E44-8626-4243-B79C-742336C3FDB7}.Release|Any CPU.Build.0 = Release|Any CPU
		{C8875ED5-0060-4EA5-88B6-4701145A0A1B}.Debug|Any CPU.ActiveCfg = Debug|Any CPU
		{C8875ED5-0060-4EA5-88B6-4701145A0A1B}.Debug|Any CPU.Build.0 = Debug|Any CPU
		{C8875ED5-0060-4EA5-88B6-4701145A0A1B}.Release|Any CPU.ActiveCfg = Release|Any CPU
		{C8875ED5-0060-4EA5-88B6-4701145A0A1B}.Release|Any CPU.Build.0 = Release|Any CPU
		{EA3CD17F-0CB8-460A-A41D-CB780FB1EC79}.Debug|Any CPU.ActiveCfg = Debug|Any CPU
		{EA3CD17F-0CB8-460A-A41D-CB780FB1EC79}.Debug|Any CPU.Build.0 = Debug|Any CPU
		{EA3CD17F-0CB8-460A-A41D-CB780FB1EC79}.Release|Any CPU.ActiveCfg = Release|Any CPU
		{EA3CD17F-0CB8-460A-A41D-CB780FB1EC79}.Release|Any CPU.Build.0 = Release|Any CPU
	EndGlobalSection
	GlobalSection(SolutionProperties) = preSolution
		HideSolutionNode = FALSE
	EndGlobalSection
	GlobalSection(NestedProjects) = preSolution
		{C8875ED5-0060-4EA5-88B6-4701145A0A1B} = {6B197B9C-F2B9-4CA6-8E4E-85919F6DAC0E}
		{EA3CD17F-0CB8-460A-A41D-CB780FB1EC79} = {6B197B9C-F2B9-4CA6-8E4E-85919F6DAC0E}
	EndGlobalSection
EndGlobal
